
Microsoft Visual Studio Solution File, Format Version 12.00
# Visual Studio 15
VisualStudioVersion = 15.0.28307.102
MinimumVisualStudioVersion = 10.0.40219.1
Project("{FAE04EC0-301F-11D3-BF4B-00C04F79EFBC}") = "ConsoleApp4", "ConsoleApp4.csproj", "{0F136098-F306-4979-94FF-23F591B60392}"
EndProject
Global
	GlobalSection(SolutionConfigurationPlatforms) = preSolution
		Debug|Any CPU = Debug|Any CPU
		Release|Any CPU = Release|Any CPU
	EndGlobalSection
	GlobalSection(ProjectConfigurationPlatforms) = postSolution
		{0F136098-F306-4979-94FF-23F591B60392}.Debug|Any CPU.ActiveCfg = Debug|Any CPU
		{0F136098-F306-4979-94FF-23F591B60392}.Debug|Any CPU.Build.0 = Debug|Any CPU
		{0F136098-F306-4979-94FF-23F591B60392}.Release|Any CPU.ActiveCfg = Release|Any CPU
		{0F136098-F306-4979-94FF-23F591B60392}.Release|Any CPU.Build.0 = Release|Any CPU
	EndGlobalSection
	GlobalSection(SolutionProperties) = preSolution
		HideSolutionNode = FALSE
	EndGlobalSection
	GlobalSection(ExtensibilityGlobals) = postSolution
		SolutionGuid = {21915B02-DCDF-489F-BAB2-60B91763091E}
	EndGlobalSection
EndGlobal
